
Microsoft Visual Studio Solution File, Format Version 12.00
# Visual Studio Version 17
VisualStudioVersion = 17.7.34202.233
MinimumVisualStudioVersion = 10.0.40219.1
Project("{FAE04EC0-301F-11D3-BF4B-00C04F79EFBC}") = "Taschenrechner", "Taschenrechner\Taschenrechner.csproj", "{0CDFAEF1-3B98-4B7C-AE99-A9FCC0EB2BD0}"
EndProject
Global
	GlobalSection(SolutionConfigurationPlatforms) = preSolution
		Debug|Any CPU = Debug|Any CPU
		Release|Any CPU = Release|Any CPU
	EndGlobalSection
	GlobalSection(ProjectConfigurationPlatforms) = postSolution
		{0CDFAEF1-3B98-4B7C-AE99-A9FCC0EB2BD0}.Debug|Any CPU.ActiveCfg = Debug|Any CPU
		{0CDFAEF1-3B98-4B7C-AE99-A9FCC0EB2BD0}.Debug|Any CPU.Build.0 = Debug|Any CPU
		{0CDFAEF1-3B98-4B7C-AE99-A9FCC0EB2BD0}.Release|Any CPU.ActiveCfg = Release|Any CPU
		{0CDFAEF1-3B98-4B7C-AE99-A9FCC0EB2BD0}.Release|Any CPU.Build.0 = Release|Any CPU
	EndGlobalSection
	GlobalSection(SolutionProperties) = preSolution
		HideSolutionNode = FALSE
	EndGlobalSection
	GlobalSection(ExtensibilityGlobals) = postSolution
		SolutionGuid = {7F90380E-93B4-4FA9-BF87-01B4E36530F0}
	EndGlobalSection
EndGlobal
